
Microsoft Visual Studio Solution File, Format Version 12.00
# Visual Studio Version 16
VisualStudioVersion = 16.0.30717.126
MinimumVisualStudioVersion = 10.0.40219.1
Project("{9A19103F-16F7-4668-BE54-9A1E7A4F7556}") = "wintideclock", "wintideclock\wintideclock.csproj", "{84F89935-687F-40A4-9D8C-7498CDCA1956}"
EndProject
Project("{9A19103F-16F7-4668-BE54-9A1E7A4F7556}") = "Utilities", "Utilities\Utilities.csproj", "{3CBDD915-BF19-47B0-8867-18CA106C67AD}"
EndProject
Project("{9A19103F-16F7-4668-BE54-9A1E7A4F7556}") = "External.Test", "External.Test\External.Test.csproj", "{A0CDAADB-5227-46F2-BAFC-D608C3DE8AE1}"
EndProject
Project("{9A19103F-16F7-4668-BE54-9A1E7A4F7556}") = "External", "External\External.csproj", "{16D980F6-97B3-4805-8A67-3EDC089546F3}"
EndProject
Project("{9A19103F-16F7-4668-BE54-9A1E7A4F7556}") = "Clockface", "Clockface\Clockface.csproj", "{761EAAEA-77AC-4493-A38A-21AA31084891}"
EndProject
Project("{FAE04EC0-301F-11D3-BF4B-00C04F79EFBC}") = "tidalclock", "tidalclock\tidalclock.csproj", "{44902605-3A08-4254-9411-2CC940A74EA4}"
EndProject
Global
	GlobalSection(SolutionConfigurationPlatforms) = preSolution
		Debug|Any CPU = Debug|Any CPU
		Release|Any CPU = Release|Any CPU
	EndGlobalSection
	GlobalSection(ProjectConfigurationPlatforms) = postSolution
		{84F89935-687F-40A4-9D8C-7498CDCA1956}.Debug|Any CPU.ActiveCfg = Debug|Any CPU
		{84F89935-687F-40A4-9D8C-7498CDCA1956}.Debug|Any CPU.Build.0 = Debug|Any CPU
		{84F89935-687F-40A4-9D8C-7498CDCA1956}.Release|Any CPU.ActiveCfg = Release|Any CPU
		{84F89935-687F-40A4-9D8C-7498CDCA1956}.Release|Any CPU.Build.0 = Release|Any CPU
		{3CBDD915-BF19-47B0-8867-18CA106C67AD}.Debug|Any CPU.ActiveCfg = Debug|Any CPU
		{3CBDD915-BF19-47B0-8867-18CA106C67AD}.Debug|Any CPU.Build.0 = Debug|Any CPU
		{3CBDD915-BF19-47B0-8867-18CA106C67AD}.Release|Any CPU.ActiveCfg = Release|Any CPU
		{3CBDD915-BF19-47B0-8867-18CA106C67AD}.Release|Any CPU.Build.0 = Release|Any CPU
		{A0CDAADB-5227-46F2-BAFC-D608C3DE8AE1}.Debug|Any CPU.ActiveCfg = Debug|Any CPU
		{A0CDAADB-5227-46F2-BAFC-D608C3DE8AE1}.Debug|Any CPU.Build.0 = Debug|Any CPU
		{A0CDAADB-5227-46F2-BAFC-D608C3DE8AE1}.Release|Any CPU.ActiveCfg = Release|Any CPU
		{A0CDAADB-5227-46F2-BAFC-D608C3DE8AE1}.Release|Any CPU.Build.0 = Release|Any CPU
		{16D980F6-97B3-4805-8A67-3EDC089546F3}.Debug|Any CPU.ActiveCfg = Debug|Any CPU
		{16D980F6-97B3-4805-8A67-3EDC089546F3}.Debug|Any CPU.Build.0 = Debug|Any CPU
		{16D980F6-97B3-4805-8A67-3EDC089546F3}.Release|Any CPU.ActiveCfg = Release|Any CPU
		{16D980F6-97B3-4805-8A67-3EDC089546F3}.Release|Any CPU.Build.0 = Release|Any CPU
		{761EAAEA-77AC-4493-A38A-21AA31084891}.Debug|Any CPU.ActiveCfg = Debug|Any CPU
		{761EAAEA-77AC-4493-A38A-21AA31084891}.Debug|Any CPU.Build.0 = Debug|Any CPU
		{761EAAEA-77AC-4493-A38A-21AA31084891}.Release|Any CPU.ActiveCfg = Release|Any CPU
		{761EAAEA-77AC-4493-A38A-21AA31084891}.Release|Any CPU.Build.0 = Release|Any CPU
		{44902605-3A08-4254-9411-2CC940A74EA4}.Debug|Any CPU.ActiveCfg = Debug|Any CPU
		{44902605-3A08-4254-9411-2CC940A74EA4}.Debug|Any CPU.Build.0 = Debug|Any CPU
		{44902605-3A08-4254-9411-2CC940A74EA4}.Release|Any CPU.ActiveCfg = Release|Any CPU
		{44902605-3A08-4254-9411-2CC940A74EA4}.Release|Any CPU.Build.0 = Release|Any CPU
	EndGlobalSection
	GlobalSection(SolutionProperties) = preSolution
		HideSolutionNode = FALSE
	EndGlobalSection
	GlobalSection(ExtensibilityGlobals) = postSolution
		SolutionGuid = {03EE4EA2-44DD-42DD-B3EC-47075B889A32}
	EndGlobalSection
EndGlobal
